
Microsoft Visual Studio Solution File, Format Version 12.00
# Visual Studio Version 17
VisualStudioVersion = 17.6.33829.357
MinimumVisualStudioVersion = 10.0.40219.1
Project("{8BC9CEB8-8B4A-11D0-8D11-00A0C91BC942}") = "SDLMaidenVoyage", "SDLMaidenVoyage\SDLMaidenVoyage.vcxproj", "{D0236C0D-C415-4149-AA1D-83E081192502}"
EndProject
Global
	GlobalSection(SolutionConfigurationPlatforms) = preSolution
		Debug|x64 = Debug|x64
		Debug|x86 = Debug|x86
		Release|x64 = Release|x64
		Release|x86 = Release|x86
	EndGlobalSection
	GlobalSection(ProjectConfigurationPlatforms) = postSolution
		{D0236C0D-C415-4149-AA1D-83E081192502}.Debug|x64.ActiveCfg = Debug|x64
		{D0236C0D-C415-4149-AA1D-83E081192502}.Debug|x64.Build.0 = Debug|x64
		{D0236C0D-C415-4149-AA1D-83E081192502}.Debug|x86.ActiveCfg = Debug|Win32
		{D0236C0D-C415-4149-AA1D-83E081192502}.Debug|x86.Build.0 = Debug|Win32
		{D0236C0D-C415-4149-AA1D-83E081192502}.Release|x64.ActiveCfg = Release|x64
		{D0236C0D-C415-4149-AA1D-83E081192502}.Release|x64.Build.0 = Release|x64
		{D0236C0D-C415-4149-AA1D-83E081192502}.Release|x86.ActiveCfg = Release|Win32
		{D0236C0D-C415-4149-AA1D-83E081192502}.Release|x86.Build.0 = Release|Win32
	EndGlobalSection
	GlobalSection(SolutionProperties) = preSolution
		HideSolutionNode = FALSE
	EndGlobalSection
	GlobalSection(ExtensibilityGlobals) = postSolution
		SolutionGuid = {E869AE84-24DA-4553-85F8-D7A64F559E27}
	EndGlobalSection
EndGlobal
