<?xml version="1.0" encoding="utf-8"?>
<Project ToolsVersion="4.0" xmlns="http://schemas.microsoft.com/developer/msbuild/2003">
  <ItemGroup>
    <Filter Include="Source Files">
      <UniqueIdentifier>{4FC737F1-C7A5-4376-A066-2A32D752A2FF}</UniqueIdentifier>
      <Extensions>cpp;c;cc;cxx;c++;cppm;ixx;def;odl;idl;hpj;bat;asm;asmx</Extensions>
    </Filter>
    <Filter Include="Header Files">
      <UniqueIdentifier>{93995380-89BD-4b04-88EB-625FBE52EBFB}</UniqueIdentifier>
      <Extensions>h;hh;hpp;hxx;h++;hm;inl;inc;ipp;xsd</Extensions>
    </Filter>
    <Filter Include="Resource Files">
      <UniqueIdentifier>{67DA6AB6-F800-4c08-8B7A-83BB121AAD01}</UniqueIdentifier>
      <Extensions>rc;ico;cur;bmp;dlg;rc2;rct;bin;rgs;gif;jpg;jpeg;jpe;resx;tiff;tif;png;wav;mfcribbon-ms</Extensions>
    </Filter>
    <Filter Include="Header Files\FSMs">
      <UniqueIdentifier>{3215bb29-0076-4456-a460-072cd5c3c309}</UniqueIdentifier>
    </Filter>
    <Filter Include="Header Files\Particles">
      <UniqueIdentifier>{7e928777-c726-4db8-9632-15095f4cfcaf}</UniqueIdentifier>
    </Filter>
  </ItemGroup>
  <ItemGroup>
    <ClCompile Include="main.cpp">
      <Filter>Source Files</Filter>
    </ClCompile>
    <ClCompile Include="GameData.h">
      <Filter>Header Files</Filter>
    </ClCompile>
    <ClCompile Include="HelperFunctions.cpp">
      <Filter>Header Files</Filter>
    </ClCompile>
    <ClCompile Include="LTexture.cpp">
      <Filter>Header Files</Filter>
    </ClCompile>
    <ClCompile Include="vec2.cpp">
      <Filter>Header Files</Filter>
    </ClCompile>
    <ClCompile Include="Tile.cpp">
      <Filter>Header Files</Filter>
    </ClCompile>
    <ClCompile Include="Timer.cpp">
      <Filter>Header Files</Filter>
    </ClCompile>
    <ClCompile Include="Zombie.cpp">
      <Filter>Header Files</Filter>
    </ClCompile>
    <ClCompile Include="Node.cpp">
      <Filter>Header Files</Filter>
    </ClCompile>
    <ClCompile Include="LButton.cpp">
      <Filter>Header Files</Filter>
    </ClCompile>
    <ClCompile Include="LWindow.cpp">
      <Filter>Header Files</Filter>
    </ClCompile>
    <ClCompile Include="Camera.cpp">
      <Filter>Header Files</Filter>
    </ClCompile>
    <ClCompile Include="Bullet.cpp">
      <Filter>Header Files</Filter>
    </ClCompile>
    <ClCompile Include="Sniper.cpp">
      <Filter>Header Files</Filter>
    </ClCompile>
    <ClCompile Include="Player.cpp">
      <Filter>Header Files</Filter>
    </ClCompile>
    <ClCompile Include="Game.cpp">
      <Filter>Header Files</Filter>
    </ClCompile>
    <ClCompile Include="MainMenuState.cpp">
      <Filter>Header Files\FSMs</Filter>
    </ClCompile>
    <ClCompile Include="PlayState.cpp">
      <Filter>Header Files\FSMs</Filter>
    </ClCompile>
    <ClCompile Include="GameOverState.cpp">
      <Filter>Header Files\FSMs</Filter>
    </ClCompile>
    <ClCompile Include="World.cpp">
      <Filter>Header Files</Filter>
    </ClCompile>
    <ClCompile Include="EntitySpawner.cpp">
      <Filter>Header Files</Filter>
    </ClCompile>
    <ClCompile Include="CollisionDetector.cpp">
      <Filter>Header Files</Filter>
    </ClCompile>
    <ClCompile Include="Entity.cpp">
      <Filter>Header Files</Filter>
    </ClCompile>
    <ClCompile Include="GameState.cpp">
      <Filter>Header Files\FSMs</Filter>
    </ClCompile>
    <ClCompile Include="SetupHelper.cpp">
      <Filter>Header Files</Filter>
    </ClCompile>
    <ClCompile Include="StateManager.cpp">
      <Filter>Header Files\FSMs</Filter>
    </ClCompile>
    <ClCompile Include="ShotgunParticle.cpp">
      <Filter>Header Files\Particles</Filter>
    </ClCompile>
    <ClCompile Include="ScoreManager.cpp">
      <Filter>Header Files</Filter>
    </ClCompile>
    <ClCompile Include="Wave.cpp">
      <Filter>Header Files</Filter>
    </ClCompile>
  </ItemGroup>
  <ItemGroup>
    <ClInclude Include="vec2.h">
      <Filter>Header Files</Filter>
    </ClInclude>
    <ClInclude Include="LTexture.h">
      <Filter>Header Files</Filter>
    </ClInclude>
    <ClInclude Include="SetupHelper.h">
      <Filter>Header Files</Filter>
    </ClInclude>
    <ClInclude Include="HelperFunctions.h">
      <Filter>Header Files</Filter>
    </ClInclude>
    <ClInclude Include="Tile.h">
      <Filter>Header Files</Filter>
    </ClInclude>
    <ClInclude Include="TileData.h">
      <Filter>Header Files</Filter>
    </ClInclude>
    <ClInclude Include="Timer.h">
      <Filter>Header Files</Filter>
    </ClInclude>
    <ClInclude Include="Zombie.h">
      <Filter>Header Files</Filter>
    </ClInclude>
    <ClInclude Include="Node.h">
      <Filter>Header Files</Filter>
    </ClInclude>
    <ClInclude Include="Grid.h">
      <Filter>Header Files</Filter>
    </ClInclude>
    <ClInclude Include="LButton.h">
      <Filter>Header Files</Filter>
    </ClInclude>
    <ClInclude Include="LWindow.h">
      <Filter>Header Files</Filter>
    </ClInclude>
    <ClInclude Include="Player.h">
      <Filter>Header Files</Filter>
    </ClInclude>
    <ClInclude Include="Camera.h">
      <Filter>Header Files</Filter>
    </ClInclude>
    <ClInclude Include="Bullet.h">
      <Filter>Header Files</Filter>
    </ClInclude>
    <ClInclude Include="Sniper.h">
      <Filter>Header Files</Filter>
    </ClInclude>
    <ClInclude Include="Game.h">
      <Filter>Header Files</Filter>
    </ClInclude>
    <ClInclude Include="GameState.h">
      <Filter>Header Files\FSMs</Filter>
    </ClInclude>
    <ClInclude Include="MainMenuState.h">
      <Filter>Header Files\FSMs</Filter>
    </ClInclude>
    <ClInclude Include="PlayState.h">
      <Filter>Header Files\FSMs</Filter>
    </ClInclude>
    <ClInclude Include="GameOverState.h">
      <Filter>Header Files\FSMs</Filter>
    </ClInclude>
    <ClInclude Include="Entity.h">
      <Filter>Header Files</Filter>
    </ClInclude>
    <ClInclude Include="World.h">
      <Filter>Header Files</Filter>
    </ClInclude>
    <ClInclude Include="UpdateContext.h">
      <Filter>Header Files</Filter>
    </ClInclude>
    <ClInclude Include="EntitySpawner.h">
      <Filter>Header Files</Filter>
    </ClInclude>
    <ClInclude Include="CollisionDetector.h">
      <Filter>Header Files</Filter>
    </ClInclude>
    <ClInclude Include="Level.h">
      <Filter>Header Files</Filter>
    </ClInclude>
    <ClInclude Include="StateManager.h">
      <Filter>Header Files\FSMs</Filter>
    </ClInclude>
    <ClInclude Include="Particle.h">
      <Filter>Header Files\Particles</Filter>
    </ClInclude>
    <ClInclude Include="ShotgunParticle.h">
      <Filter>Header Files\Particles</Filter>
    </ClInclude>
    <ClInclude Include="ScoreManager.h">
      <Filter>Header Files</Filter>
    </ClInclude>
    <ClInclude Include="Wave.h">
      <Filter>Header Files</Filter>
    </ClInclude>
    <ClInclude Include="Attributes.h">
      <Filter>Header Files</Filter>
    </ClInclude>
  </ItemGroup>
</Project>